lockfileVersion: '9.0'

settings:
  autoInstallPeers: true
  excludeLinksFromLockfile: false

importers:

  .:
    dependencies:
      '@mastrojs/mastro':
        specifier: jsr:^0.7.13
        version: '@jsr/mastrojs__mastro@0.7.13'
      '@remix-run/node-fetch-server':
        specifier: ^0.11
        version: 0.11.0
    devDependencies:
      '@types/node':
        specifier: ^24
        version: 24.10.13
      typescript:
        specifier: ^5
        version: 5.9.3

packages:

  '@jsr/mastrojs__mastro@0.7.13':
    resolution: {integrity: sha512-x/7dVGwaZgcNe1JneXiD7xzjajjdEUCM7F+duaidXV7qwLxHnVD7HY468GTcQH33JrhGlLEVtnRAQhiHGR9IOQ==, tarball: https://npm.jsr.io/~/11/@jsr/mastrojs__mastro/0.7.13.tgz}

  '@jsr/std__media-types@1.1.0':
    resolution: {integrity: sha512-dHvaxHL7ENWnltgL653uo3KnKFse3ZbopZop2gqsT7yrscx7irZEClu5Cba7gMPPRk4Lg1FbriNcaBViM2RSBw==, tarball: https://npm.jsr.io/~/11/@jsr/std__media-types/1.1.0.tgz}

  '@remix-run/node-fetch-server@0.11.0':
    resolution: {integrity: sha512-nCrFHVxDFioSHc0g/3m5ztwgjBt7g8qh/UwmYkDjuMePKFepMKfNGgH5S6L7iXKX+jUrf3ooVmhx3NGIoa9iYA==}

  '@types/node@24.10.13':
    resolution: {integrity: sha512-oH72nZRfDv9lADUBSo104Aq7gPHpQZc4BTx38r9xf9pg5LfP6EzSyH2n7qFmmxRQXh7YlUXODcYsg6PuTDSxGg==}

  typescript@5.9.3:
    resolution: {integrity: sha512-jl1vZzPDinLr9eUt3J/t7V6FgNEw9QjvBPdysz9KfQDD41fQrC2Y4vKQdiaUpFT4bXlb1RHhLpp8wtm6M5TgSw==}
    engines: {node: '>=14.17'}
    hasBin: true

  undici-types@7.16.0:
    resolution: {integrity: sha512-Zz+aZWSj8LE6zoxD+xrjh4VfkIG8Ya6LvYkZqtUQGJPZjYl53ypCaUwWqo7eI0x66KBGeRo+mlBEkMSeSZ38Nw==}

snapshots:

  '@jsr/mastrojs__mastro@0.7.13':
    dependencies:
      '@jsr/std__media-types': 1.1.0

  '@jsr/std__media-types@1.1.0': {}

  '@remix-run/node-fetch-server@0.11.0': {}

  '@types/node@24.10.13':
    dependencies:
      undici-types: 7.16.0

  typescript@5.9.3: {}

  undici-types@7.16.0: {}
