lockfileVersion: '9.0'

settings:
  autoInstallPeers: true
  excludeLinksFromLockfile: false

importers:

  .:
    dependencies:
      '@mastrojs/mastro':
        specifier: jsr:^0
        version: '@jsr/mastrojs__mastro@0.7.0'
      '@remix-run/node-fetch-server':
        specifier: ^0.11
        version: 0.11.0
    devDependencies:
      '@types/node':
        specifier: ^24
        version: 24.10.13
      typescript:
        specifier: ^5
        version: 5.9.3

packages:

  '@jsr/mastrojs__mastro@0.7.0':
    resolution: {integrity: sha512-ZwaA6fDQ7+koRdUakGYCef0Dt05TLYEVpmYZGCwRWZSiSD8MGFenthS32xPoJRxZpGmWlGFCbBKZ/kJ03mcDvQ==, tarball: https://npm.jsr.io/~/11/@jsr/mastrojs__mastro/0.7.0.tgz}

  '@jsr/std__bytes@1.0.6':
    resolution: {integrity: sha512-St6yKggjFGhxS52IFLJWvkchRFbAKg2Xh8UxA4S1EGz7GJ2Ui+ssDDldj/w2c8vCxvl6qgR0HaYbKeFJNqujmA==, tarball: https://npm.jsr.io/~/11/@jsr/std__bytes/1.0.6.tgz}

  '@jsr/std__cli@1.0.27':
    resolution: {integrity: sha512-aaY6VYkdv0qmAIiaYNfBH9Pd3Te5bJsEUQmNg/ak43AorET5+pBcI9RgqCgBXfkb2tBnLUlTBklQvirMz/CnAQ==, tarball: https://npm.jsr.io/~/11/@jsr/std__cli/1.0.27.tgz}

  '@jsr/std__encoding@1.0.10':
    resolution: {integrity: sha512-WK2njnDTyKefroRNk2Ooq7GStp6Y0ccAvr4To+Z/zecRAGe7+OSvH9DbiaHpAKwEi2KQbmpWMOYsdNt+TsdmSw==, tarball: https://npm.jsr.io/~/11/@jsr/std__encoding/1.0.10.tgz}

  '@jsr/std__fmt@1.0.9':
    resolution: {integrity: sha512-YFJJMozmORj2K91c5J9opWeh0VUwrd+Mwb7Pr0FkVCAKVLu2UhT4LyvJqWiyUT+eF+MdfqQ9F7RtQj4bXn9Smw==, tarball: https://npm.jsr.io/~/11/@jsr/std__fmt/1.0.9.tgz}

  '@jsr/std__fs@1.0.22':
    resolution: {integrity: sha512-PvDtgT25IqhFEX2LjQI0aTz/Wg61jCtJ8l19fE9MUSvSmtw57Kzr6sM7GcCsSrsZEdQ7wjLfXvvhy8irta4Zww==, tarball: https://npm.jsr.io/~/11/@jsr/std__fs/1.0.22.tgz}

  '@jsr/std__html@1.0.5':
    resolution: {integrity: sha512-8ypLaw6ORY7jisEvsXOS/D631/pMCX78mV7fyromfzJXxqb35OUNCBC2E4Ca0goKQJW8I2XhEgoFu0ZXaIiGvA==, tarball: https://npm.jsr.io/~/11/@jsr/std__html/1.0.5.tgz}

  '@jsr/std__http@1.0.24':
    resolution: {integrity: sha512-mfUI8vAkMVvf0wYxkZd9ZKfwFryLanHe+nbvxfFPkNO24B2IY6knkBJNN28cTZ8SITh8t8rv56Cx5uOAc0uGFg==, tarball: https://npm.jsr.io/~/11/@jsr/std__http/1.0.24.tgz}

  '@jsr/std__internal@1.0.12':
    resolution: {integrity: sha512-6xReMW9p+paJgqoFRpOE2nogJFvzPfaLHLIlyADYjKMUcwDyjKZxryIbgcU+gxiTygn8yCjld1HoI0ET4/iZeA==, tarball: https://npm.jsr.io/~/11/@jsr/std__internal/1.0.12.tgz}

  '@jsr/std__media-types@1.1.0':
    resolution: {integrity: sha512-dHvaxHL7ENWnltgL653uo3KnKFse3ZbopZop2gqsT7yrscx7irZEClu5Cba7gMPPRk4Lg1FbriNcaBViM2RSBw==, tarball: https://npm.jsr.io/~/11/@jsr/std__media-types/1.1.0.tgz}

  '@jsr/std__net@1.0.6':
    resolution: {integrity: sha512-mh27Fw4UMCjGSIMoOhjia5cS5fNP9M9DZYhGB7EYSZNnzf/eguFiarii/W4oDwYMmnxCMouUzhc6Y7jFuwTzcg==, tarball: https://npm.jsr.io/~/11/@jsr/std__net/1.0.6.tgz}

  '@jsr/std__path@1.1.4':
    resolution: {integrity: sha512-SK4u9H6NVTfolhPdlvdYXfNFefy1W04AEHWJydryYbk+xqzNiVmr5o7TLJLJFqwHXuwMRhwrn+mcYeUfS0YFaA==, tarball: https://npm.jsr.io/~/11/@jsr/std__path/1.1.4.tgz}

  '@jsr/std__streams@1.0.17':
    resolution: {integrity: sha512-LnPlWk20mDIV5/nqoUomAB8umOimfGEyWRApxLgekXFuqKGDsGpUAi58amieVU2XAGNclmUOtQOcQ/qOl3PNFg==, tarball: https://npm.jsr.io/~/11/@jsr/std__streams/1.0.17.tgz}

  '@remix-run/node-fetch-server@0.11.0':
    resolution: {integrity: sha512-nCrFHVxDFioSHc0g/3m5ztwgjBt7g8qh/UwmYkDjuMePKFepMKfNGgH5S6L7iXKX+jUrf3ooVmhx3NGIoa9iYA==}

  '@types/node@24.10.13':
    resolution: {integrity: sha512-oH72nZRfDv9lADUBSo104Aq7gPHpQZc4BTx38r9xf9pg5LfP6EzSyH2n7qFmmxRQXh7YlUXODcYsg6PuTDSxGg==}

  ts-blank-space@0.6.1:
    resolution: {integrity: sha512-LcM3W5HEyzTaXUeQITV8ploUOGe+zuuoFYsCfPscFLhx3bZn2sSfHMKxsULVG/zA7an9UhReiHv4Kk/6QzlpXQ==}
    engines: {node: '>=18.0.0'}

  typescript@5.8.3:
    resolution: {integrity: sha512-p1diW6TqL9L07nNxvRMM7hMMw4c5XOo/1ibL4aAIGmSAt9slTE1Xgw5KWuof2uTOvCg9BY7ZRi+GaF+7sfgPeQ==}
    engines: {node: '>=14.17'}
    hasBin: true

  typescript@5.9.3:
    resolution: {integrity: sha512-jl1vZzPDinLr9eUt3J/t7V6FgNEw9QjvBPdysz9KfQDD41fQrC2Y4vKQdiaUpFT4bXlb1RHhLpp8wtm6M5TgSw==}
    engines: {node: '>=14.17'}
    hasBin: true

  undici-types@7.16.0:
    resolution: {integrity: sha512-Zz+aZWSj8LE6zoxD+xrjh4VfkIG8Ya6LvYkZqtUQGJPZjYl53ypCaUwWqo7eI0x66KBGeRo+mlBEkMSeSZ38Nw==}

snapshots:

  '@jsr/mastrojs__mastro@0.7.0':
    dependencies:
      '@jsr/std__http': 1.0.24
      '@jsr/std__media-types': 1.1.0
      '@jsr/std__path': 1.1.4
      ts-blank-space: 0.6.1

  '@jsr/std__bytes@1.0.6': {}

  '@jsr/std__cli@1.0.27':
    dependencies:
      '@jsr/std__fmt': 1.0.9
      '@jsr/std__internal': 1.0.12

  '@jsr/std__encoding@1.0.10': {}

  '@jsr/std__fmt@1.0.9': {}

  '@jsr/std__fs@1.0.22':
    dependencies:
      '@jsr/std__internal': 1.0.12
      '@jsr/std__path': 1.1.4

  '@jsr/std__html@1.0.5': {}

  '@jsr/std__http@1.0.24':
    dependencies:
      '@jsr/std__cli': 1.0.27
      '@jsr/std__encoding': 1.0.10
      '@jsr/std__fmt': 1.0.9
      '@jsr/std__fs': 1.0.22
      '@jsr/std__html': 1.0.5
      '@jsr/std__media-types': 1.1.0
      '@jsr/std__net': 1.0.6
      '@jsr/std__path': 1.1.4
      '@jsr/std__streams': 1.0.17

  '@jsr/std__internal@1.0.12': {}

  '@jsr/std__media-types@1.1.0': {}

  '@jsr/std__net@1.0.6': {}

  '@jsr/std__path@1.1.4':
    dependencies:
      '@jsr/std__internal': 1.0.12

  '@jsr/std__streams@1.0.17':
    dependencies:
      '@jsr/std__bytes': 1.0.6

  '@remix-run/node-fetch-server@0.11.0': {}

  '@types/node@24.10.13':
    dependencies:
      undici-types: 7.16.0

  ts-blank-space@0.6.1:
    dependencies:
      typescript: 5.8.3

  typescript@5.8.3: {}

  typescript@5.9.3: {}

  undici-types@7.16.0: {}
